
Microsoft Visual Studio Solution File, Format Version 12.00
# Visual Studio 15
VisualStudioVersion = 15.0.26730.15
MinimumVisualStudioVersion = 10.0.40219.1
Project("{9A19103F-16F7-4668-BE54-9A1E7A4F7556}") = "PrizeSelection.Model", "PrizeSelection.Model\PrizeSelection.Model.csproj", "{5AEB74BF-E10B-48E6-A5C6-68AB232C1B3B}"
EndProject
Project("{9A19103F-16F7-4668-BE54-9A1E7A4F7556}") = "PrizeSelection.Logic", "PrizeSelection.Logic\PrizeSelection.Logic.csproj", "{17D530EC-90B4-4AEB-8B4D-F70DEBAF6835}"
EndProject
Project("{9A19103F-16F7-4668-BE54-9A1E7A4F7556}") = "PrizeSelection.Test", "PrizeSelection.Test\PrizeSelection.Test.csproj", "{5E931BF6-CE6A-4010-BD71-4DF3EA2C8CDE}"
EndProject
Project("{9A19103F-16F7-4668-BE54-9A1E7A4F7556}") = "PrizeSelection.Api", "PrizeSelection.Api\PrizeSelection.Api.csproj", "{1E56D807-AD87-4FEF-B819-0F2631160986}"
EndProject
Project("{9A19103F-16F7-4668-BE54-9A1E7A4F7556}") = "Dto.Api", "Dto.Api\Dto.Api.csproj", "{967A38DE-058F-4A4A-ACB8-55877AD5CFA4}"
EndProject
Project("{9A19103F-16F7-4668-BE54-9A1E7A4F7556}") = "Logic.Api", "Logic.Api\Logic.Api.csproj", "{96B9BB33-FB1E-4870-8A6E-CBCCC1706B41}"
EndProject
Project("{9A19103F-16F7-4668-BE54-9A1E7A4F7556}") = "Infra.Options.PrizeSelection", "Infra.Options.PrizeSelection\Infra.Options.PrizeSelection.csproj", "{4E351E4A-AB44-4678-B2B0-2D081CE819B3}"
EndProject
Project("{FAE04EC0-301F-11D3-BF4B-00C04F79EFBC}") = "PrizeSelection.IntegrationTest", "PrizeSelection.IntegrationTest\PrizeSelection.IntegrationTest.csproj", "{7B8C07FE-F1F3-4498-9A17-A62B100F8C35}"
EndProject
Global
	GlobalSection(SolutionConfigurationPlatforms) = preSolution
		Debug|Any CPU = Debug|Any CPU
		Release|Any CPU = Release|Any CPU
	EndGlobalSection
	GlobalSection(ProjectConfigurationPlatforms) = postSolution
		{5AEB74BF-E10B-48E6-A5C6-68AB232C1B3B}.Debug|Any CPU.ActiveCfg = Debug|Any CPU
		{5AEB74BF-E10B-48E6-A5C6-68AB232C1B3B}.Debug|Any CPU.Build.0 = Debug|Any CPU
		{5AEB74BF-E10B-48E6-A5C6-68AB232C1B3B}.Release|Any CPU.ActiveCfg = Release|Any CPU
		{5AEB74BF-E10B-48E6-A5C6-68AB232C1B3B}.Release|Any CPU.Build.0 = Release|Any CPU
		{17D530EC-90B4-4AEB-8B4D-F70DEBAF6835}.Debug|Any CPU.ActiveCfg = Debug|Any CPU
		{17D530EC-90B4-4AEB-8B4D-F70DEBAF6835}.Debug|Any CPU.Build.0 = Debug|Any CPU
		{17D530EC-90B4-4AEB-8B4D-F70DEBAF6835}.Release|Any CPU.ActiveCfg = Release|Any CPU
		{17D530EC-90B4-4AEB-8B4D-F70DEBAF6835}.Release|Any CPU.Build.0 = Release|Any CPU
		{5E931BF6-CE6A-4010-BD71-4DF3EA2C8CDE}.Debug|Any CPU.ActiveCfg = Debug|Any CPU
		{5E931BF6-CE6A-4010-BD71-4DF3EA2C8CDE}.Debug|Any CPU.Build.0 = Debug|Any CPU
		{5E931BF6-CE6A-4010-BD71-4DF3EA2C8CDE}.Release|Any CPU.ActiveCfg = Release|Any CPU
		{5E931BF6-CE6A-4010-BD71-4DF3EA2C8CDE}.Release|Any CPU.Build.0 = Release|Any CPU
		{1E56D807-AD87-4FEF-B819-0F2631160986}.Debug|Any CPU.ActiveCfg = Debug|Any CPU
		{1E56D807-AD87-4FEF-B819-0F2631160986}.Debug|Any CPU.Build.0 = Debug|Any CPU
		{1E56D807-AD87-4FEF-B819-0F2631160986}.Release|Any CPU.ActiveCfg = Release|Any CPU
		{1E56D807-AD87-4FEF-B819-0F2631160986}.Release|Any CPU.Build.0 = Release|Any CPU
		{967A38DE-058F-4A4A-ACB8-55877AD5CFA4}.Debug|Any CPU.ActiveCfg = Debug|Any CPU
		{967A38DE-058F-4A4A-ACB8-55877AD5CFA4}.Debug|Any CPU.Build.0 = Debug|Any CPU
		{967A38DE-058F-4A4A-ACB8-55877AD5CFA4}.Release|Any CPU.ActiveCfg = Release|Any CPU
		{967A38DE-058F-4A4A-ACB8-55877AD5CFA4}.Release|Any CPU.Build.0 = Release|Any CPU
		{96B9BB33-FB1E-4870-8A6E-CBCCC1706B41}.Debug|Any CPU.ActiveCfg = Debug|Any CPU
		{96B9BB33-FB1E-4870-8A6E-CBCCC1706B41}.Debug|Any CPU.Build.0 = Debug|Any CPU
		{96B9BB33-FB1E-4870-8A6E-CBCCC1706B41}.Release|Any CPU.ActiveCfg = Release|Any CPU
		{96B9BB33-FB1E-4870-8A6E-CBCCC1706B41}.Release|Any CPU.Build.0 = Release|Any CPU
		{4E351E4A-AB44-4678-B2B0-2D081CE819B3}.Debug|Any CPU.ActiveCfg = Debug|Any CPU
		{4E351E4A-AB44-4678-B2B0-2D081CE819B3}.Debug|Any CPU.Build.0 = Debug|Any CPU
		{4E351E4A-AB44-4678-B2B0-2D081CE819B3}.Release|Any CPU.ActiveCfg = Release|Any CPU
		{4E351E4A-AB44-4678-B2B0-2D081CE819B3}.Release|Any CPU.Build.0 = Release|Any CPU
		{7B8C07FE-F1F3-4498-9A17-A62B100F8C35}.Debug|Any CPU.ActiveCfg = Debug|Any CPU
		{7B8C07FE-F1F3-4498-9A17-A62B100F8C35}.Debug|Any CPU.Build.0 = Debug|Any CPU
		{7B8C07FE-F1F3-4498-9A17-A62B100F8C35}.Release|Any CPU.ActiveCfg = Release|Any CPU
		{7B8C07FE-F1F3-4498-9A17-A62B100F8C35}.Release|Any CPU.Build.0 = Release|Any CPU
	EndGlobalSection
	GlobalSection(SolutionProperties) = preSolution
		HideSolutionNode = FALSE
	EndGlobalSection
	GlobalSection(ExtensibilityGlobals) = postSolution
		SolutionGuid = {D27D943D-DE41-48E0-9E68-4EE5F13E0C53}
	EndGlobalSection
EndGlobal
